
Microsoft Visual Studio Solution File, Format Version 12.00
# Visual Studio Version 17
VisualStudioVersion = 17.7.33808.371
MinimumVisualStudioVersion = 10.0.40219.1
Project("{FAE04EC0-301F-11D3-BF4B-00C04F79EFBC}") = "DemoContainerMonolith", "DemoContainerMonolith\DemoContainerMonolith.csproj", "{02BFDE76-3886-4F41-A04D-B8605B513945}"
EndProject
Project("{FAE04EC0-301F-11D3-BF4B-00C04F79EFBC}") = "Api.App", "Api.App\Api.App.csproj", "{9092742B-8ED4-483B-8182-4D1ACBB8D429}"
EndProject
Project("{FAE04EC0-301F-11D3-BF4B-00C04F79EFBC}") = "Api.Data", "Api.Data\Api.Data.csproj", "{6DBA2E97-FCFA-419B-8D7F-4B81AE11870C}"
EndProject
Project("{FAE04EC0-301F-11D3-BF4B-00C04F79EFBC}") = "Api.Mediators", "Api.Mediators\Api.Mediators.csproj", "{70A4EF73-65F6-489C-8BA9-3E9F242396CC}"
EndProject
Project("{FAE04EC0-301F-11D3-BF4B-00C04F79EFBC}") = "Api.Model", "Api.Model\Api.Model.csproj", "{27F46D05-58BF-4EC9-A8A9-C9AFC5F173A2}"
EndProject
Project("{2150E333-8FDC-42A3-9474-1A3956D46DE8}") = "Api", "Api", "{9CCE9D1E-A558-4278-81AC-BC7C10F6ECB3}"
EndProject
Project("{2150E333-8FDC-42A3-9474-1A3956D46DE8}") = "BackgroundService", "BackgroundService", "{648EAA52-3DFD-4338-AC88-A5DCA12AF185}"
EndProject
Project("{FAE04EC0-301F-11D3-BF4B-00C04F79EFBC}") = "Projector.App", "Projector.App\Projector.App.csproj", "{089F0F0F-DA14-4456-83E9-CCE91154B396}"
EndProject
Project("{FAE04EC0-301F-11D3-BF4B-00C04F79EFBC}") = "Projector.Data", "Projector.Data\Projector.Data.csproj", "{BD0121ED-118B-466E-8671-732A611BA16E}"
EndProject
Project("{FAE04EC0-301F-11D3-BF4B-00C04F79EFBC}") = "Projector.Mediators", "Projector.Mediators\Projector.Mediators.csproj", "{3FADD61E-C6C9-4605-B79B-BDFFF4FD7245}"
EndProject
Project("{FAE04EC0-301F-11D3-BF4B-00C04F79EFBC}") = "Projector.Model", "Projector.Model\Projector.Model.csproj", "{E1987ED6-C9B4-4B68-9044-9F9B9FE7EC8F}"
EndProject
Project("{2150E333-8FDC-42A3-9474-1A3956D46DE8}") = "MicroServices", "MicroServices", "{619ED927-1B0F-4DEC-8FB3-33D148DA2A6B}"
EndProject
Project("{FAE04EC0-301F-11D3-BF4B-00C04F79EFBC}") = "WebApplication1", "WebApplication1\WebApplication1.csproj", "{A545DC96-1E24-4B18-A62F-9FCE5D799789}"
EndProject
Project("{FAE04EC0-301F-11D3-BF4B-00C04F79EFBC}") = "WorkerService1", "WorkerService1\WorkerService1.csproj", "{D0D2D007-F645-466C-9113-FDF96A3C1558}"
EndProject
Project("{FAE04EC0-301F-11D3-BF4B-00C04F79EFBC}") = "Common.Events", "Common.Events\Common.Events.csproj", "{40CB9647-C9AE-41D0-9CB5-84C21C3F41B9}"
EndProject
Project("{2150E333-8FDC-42A3-9474-1A3956D46DE8}") = "Common", "Common", "{26CDC721-87E6-4B25-8070-2555264CFBFA}"
EndProject
Project("{FAE04EC0-301F-11D3-BF4B-00C04F79EFBC}") = "Common.Contracts", "Common.Contracts\Common.Contracts.csproj", "{E29F831F-B3E8-41A2-9A69-4210C80B008A}"
EndProject
Project("{FAE04EC0-301F-11D3-BF4B-00C04F79EFBC}") = "Common.Streams", "Common.Streams\Common.Streams.csproj", "{51AD6B7E-9AB7-4D4D-87CB-372F84D886A0}"
EndProject
Project("{9A19103F-16F7-4668-BE54-9A1E7A4F7556}") = "NATS.Extensions.DependencyInjection", "NATS.Extensions.DependencyInjection\NATS.Extensions.DependencyInjection.csproj", "{812BB733-543B-48DB-8FF4-1434ACBB13E9}"
EndProject
Global
	GlobalSection(SolutionConfigurationPlatforms) = preSolution
		Debug|Any CPU = Debug|Any CPU
		Release|Any CPU = Release|Any CPU
	EndGlobalSection
	GlobalSection(ProjectConfigurationPlatforms) = postSolution
		{02BFDE76-3886-4F41-A04D-B8605B513945}.Debug|Any CPU.ActiveCfg = Debug|Any CPU
		{02BFDE76-3886-4F41-A04D-B8605B513945}.Debug|Any CPU.Build.0 = Debug|Any CPU
		{02BFDE76-3886-4F41-A04D-B8605B513945}.Release|Any CPU.ActiveCfg = Release|Any CPU
		{02BFDE76-3886-4F41-A04D-B8605B513945}.Release|Any CPU.Build.0 = Release|Any CPU
		{9092742B-8ED4-483B-8182-4D1ACBB8D429}.Debug|Any CPU.ActiveCfg = Debug|Any CPU
		{9092742B-8ED4-483B-8182-4D1ACBB8D429}.Debug|Any CPU.Build.0 = Debug|Any CPU
		{9092742B-8ED4-483B-8182-4D1ACBB8D429}.Release|Any CPU.ActiveCfg = Release|Any CPU
		{9092742B-8ED4-483B-8182-4D1ACBB8D429}.Release|Any CPU.Build.0 = Release|Any CPU
		{6DBA2E97-FCFA-419B-8D7F-4B81AE11870C}.Debug|Any CPU.ActiveCfg = Debug|Any CPU
		{6DBA2E97-FCFA-419B-8D7F-4B81AE11870C}.Debug|Any CPU.Build.0 = Debug|Any CPU
		{6DBA2E97-FCFA-419B-8D7F-4B81AE11870C}.Release|Any CPU.ActiveCfg = Release|Any CPU
		{6DBA2E97-FCFA-419B-8D7F-4B81AE11870C}.Release|Any CPU.Build.0 = Release|Any CPU
		{70A4EF73-65F6-489C-8BA9-3E9F242396CC}.Debug|Any CPU.ActiveCfg = Debug|Any CPU
		{70A4EF73-65F6-489C-8BA9-3E9F242396CC}.Debug|Any CPU.Build.0 = Debug|Any CPU
		{70A4EF73-65F6-489C-8BA9-3E9F242396CC}.Release|Any CPU.ActiveCfg = Release|Any CPU
		{70A4EF73-65F6-489C-8BA9-3E9F242396CC}.Release|Any CPU.Build.0 = Release|Any CPU
		{27F46D05-58BF-4EC9-A8A9-C9AFC5F173A2}.Debug|Any CPU.ActiveCfg = Debug|Any CPU
		{27F46D05-58BF-4EC9-A8A9-C9AFC5F173A2}.Debug|Any CPU.Build.0 = Debug|Any CPU
		{27F46D05-58BF-4EC9-A8A9-C9AFC5F173A2}.Release|Any CPU.ActiveCfg = Release|Any CPU
		{27F46D05-58BF-4EC9-A8A9-C9AFC5F173A2}.Release|Any CPU.Build.0 = Release|Any CPU
		{089F0F0F-DA14-4456-83E9-CCE91154B396}.Debug|Any CPU.ActiveCfg = Debug|Any CPU
		{089F0F0F-DA14-4456-83E9-CCE91154B396}.Debug|Any CPU.Build.0 = Debug|Any CPU
		{089F0F0F-DA14-4456-83E9-CCE91154B396}.Release|Any CPU.ActiveCfg = Release|Any CPU
		{089F0F0F-DA14-4456-83E9-CCE91154B396}.Release|Any CPU.Build.0 = Release|Any CPU
		{BD0121ED-118B-466E-8671-732A611BA16E}.Debug|Any CPU.ActiveCfg = Debug|Any CPU
		{BD0121ED-118B-466E-8671-732A611BA16E}.Debug|Any CPU.Build.0 = Debug|Any CPU
		{BD0121ED-118B-466E-8671-732A611BA16E}.Release|Any CPU.ActiveCfg = Release|Any CPU
		{BD0121ED-118B-466E-8671-732A611BA16E}.Release|Any CPU.Build.0 = Release|Any CPU
		{3FADD61E-C6C9-4605-B79B-BDFFF4FD7245}.Debug|Any CPU.ActiveCfg = Debug|Any CPU
		{3FADD61E-C6C9-4605-B79B-BDFFF4FD7245}.Debug|Any CPU.Build.0 = Debug|Any CPU
		{3FADD61E-C6C9-4605-B79B-BDFFF4FD7245}.Release|Any CPU.ActiveCfg = Release|Any CPU
		{3FADD61E-C6C9-4605-B79B-BDFFF4FD7245}.Release|Any CPU.Build.0 = Release|Any CPU
		{E1987ED6-C9B4-4B68-9044-9F9B9FE7EC8F}.Debug|Any CPU.ActiveCfg = Debug|Any CPU
		{E1987ED6-C9B4-4B68-9044-9F9B9FE7EC8F}.Debug|Any CPU.Build.0 = Debug|Any CPU
		{E1987ED6-C9B4-4B68-9044-9F9B9FE7EC8F}.Release|Any CPU.ActiveCfg = Release|Any CPU
		{E1987ED6-C9B4-4B68-9044-9F9B9FE7EC8F}.Release|Any CPU.Build.0 = Release|Any CPU
		{A545DC96-1E24-4B18-A62F-9FCE5D799789}.Debug|Any CPU.ActiveCfg = Debug|Any CPU
		{A545DC96-1E24-4B18-A62F-9FCE5D799789}.Debug|Any CPU.Build.0 = Debug|Any CPU
		{A545DC96-1E24-4B18-A62F-9FCE5D799789}.Release|Any CPU.ActiveCfg = Release|Any CPU
		{A545DC96-1E24-4B18-A62F-9FCE5D799789}.Release|Any CPU.Build.0 = Release|Any CPU
		{D0D2D007-F645-466C-9113-FDF96A3C1558}.Debug|Any CPU.ActiveCfg = Debug|Any CPU
		{D0D2D007-F645-466C-9113-FDF96A3C1558}.Debug|Any CPU.Build.0 = Debug|Any CPU
		{D0D2D007-F645-466C-9113-FDF96A3C1558}.Release|Any CPU.ActiveCfg = Release|Any CPU
		{D0D2D007-F645-466C-9113-FDF96A3C1558}.Release|Any CPU.Build.0 = Release|Any CPU
		{40CB9647-C9AE-41D0-9CB5-84C21C3F41B9}.Debug|Any CPU.ActiveCfg = Debug|Any CPU
		{40CB9647-C9AE-41D0-9CB5-84C21C3F41B9}.Debug|Any CPU.Build.0 = Debug|Any CPU
		{40CB9647-C9AE-41D0-9CB5-84C21C3F41B9}.Release|Any CPU.ActiveCfg = Release|Any CPU
		{40CB9647-C9AE-41D0-9CB5-84C21C3F41B9}.Release|Any CPU.Build.0 = Release|Any CPU
		{E29F831F-B3E8-41A2-9A69-4210C80B008A}.Debug|Any CPU.ActiveCfg = Debug|Any CPU
		{E29F831F-B3E8-41A2-9A69-4210C80B008A}.Debug|Any CPU.Build.0 = Debug|Any CPU
		{E29F831F-B3E8-41A2-9A69-4210C80B008A}.Release|Any CPU.ActiveCfg = Release|Any CPU
		{E29F831F-B3E8-41A2-9A69-4210C80B008A}.Release|Any CPU.Build.0 = Release|Any CPU
		{51AD6B7E-9AB7-4D4D-87CB-372F84D886A0}.Debug|Any CPU.ActiveCfg = Debug|Any CPU
		{51AD6B7E-9AB7-4D4D-87CB-372F84D886A0}.Debug|Any CPU.Build.0 = Debug|Any CPU
		{51AD6B7E-9AB7-4D4D-87CB-372F84D886A0}.Release|Any CPU.ActiveCfg = Release|Any CPU
		{51AD6B7E-9AB7-4D4D-87CB-372F84D886A0}.Release|Any CPU.Build.0 = Release|Any CPU
		{812BB733-543B-48DB-8FF4-1434ACBB13E9}.Debug|Any CPU.ActiveCfg = Debug|Any CPU
		{812BB733-543B-48DB-8FF4-1434ACBB13E9}.Debug|Any CPU.Build.0 = Debug|Any CPU
		{812BB733-543B-48DB-8FF4-1434ACBB13E9}.Release|Any CPU.ActiveCfg = Release|Any CPU
		{812BB733-543B-48DB-8FF4-1434ACBB13E9}.Release|Any CPU.Build.0 = Release|Any CPU
	EndGlobalSection
	GlobalSection(SolutionProperties) = preSolution
		HideSolutionNode = FALSE
	EndGlobalSection
	GlobalSection(NestedProjects) = preSolution
		{9092742B-8ED4-483B-8182-4D1ACBB8D429} = {9CCE9D1E-A558-4278-81AC-BC7C10F6ECB3}
		{6DBA2E97-FCFA-419B-8D7F-4B81AE11870C} = {9CCE9D1E-A558-4278-81AC-BC7C10F6ECB3}
		{70A4EF73-65F6-489C-8BA9-3E9F242396CC} = {9CCE9D1E-A558-4278-81AC-BC7C10F6ECB3}
		{27F46D05-58BF-4EC9-A8A9-C9AFC5F173A2} = {9CCE9D1E-A558-4278-81AC-BC7C10F6ECB3}
		{089F0F0F-DA14-4456-83E9-CCE91154B396} = {648EAA52-3DFD-4338-AC88-A5DCA12AF185}
		{BD0121ED-118B-466E-8671-732A611BA16E} = {648EAA52-3DFD-4338-AC88-A5DCA12AF185}
		{3FADD61E-C6C9-4605-B79B-BDFFF4FD7245} = {648EAA52-3DFD-4338-AC88-A5DCA12AF185}
		{E1987ED6-C9B4-4B68-9044-9F9B9FE7EC8F} = {648EAA52-3DFD-4338-AC88-A5DCA12AF185}
		{A545DC96-1E24-4B18-A62F-9FCE5D799789} = {619ED927-1B0F-4DEC-8FB3-33D148DA2A6B}
		{D0D2D007-F645-466C-9113-FDF96A3C1558} = {619ED927-1B0F-4DEC-8FB3-33D148DA2A6B}
		{40CB9647-C9AE-41D0-9CB5-84C21C3F41B9} = {26CDC721-87E6-4B25-8070-2555264CFBFA}
		{E29F831F-B3E8-41A2-9A69-4210C80B008A} = {26CDC721-87E6-4B25-8070-2555264CFBFA}
		{51AD6B7E-9AB7-4D4D-87CB-372F84D886A0} = {26CDC721-87E6-4B25-8070-2555264CFBFA}
		{812BB733-543B-48DB-8FF4-1434ACBB13E9} = {26CDC721-87E6-4B25-8070-2555264CFBFA}
	EndGlobalSection
	GlobalSection(ExtensibilityGlobals) = postSolution
		SolutionGuid = {96207178-576F-4A77-825F-20D89FA9D016}
	EndGlobalSection
EndGlobal
